
Microsoft Visual Studio Solution File, Format Version 12.00
# Visual Studio Version 17
VisualStudioVersion = 17.14.36915.13 d17.14
MinimumVisualStudioVersion = 10.0.40219.1
Project("{F2A71F9B-5D33-465A-A702-920D77279786}") = "laba 4 (task 1)", "laba 4 (task 1).fsproj", "{64A85B17-B5B6-4F60-9F85-B8BE063D44F5}"
EndProject
Global
	GlobalSection(SolutionConfigurationPlatforms) = preSolution
		Debug|Any CPU = Debug|Any CPU
		Release|Any CPU = Release|Any CPU
	EndGlobalSection
	GlobalSection(ProjectConfigurationPlatforms) = postSolution
		{64A85B17-B5B6-4F60-9F85-B8BE063D44F5}.Debug|Any CPU.ActiveCfg = Debug|Any CPU
		{64A85B17-B5B6-4F60-9F85-B8BE063D44F5}.Debug|Any CPU.Build.0 = Debug|Any CPU
		{64A85B17-B5B6-4F60-9F85-B8BE063D44F5}.Release|Any CPU.ActiveCfg = Release|Any CPU
		{64A85B17-B5B6-4F60-9F85-B8BE063D44F5}.Release|Any CPU.Build.0 = Release|Any CPU
	EndGlobalSection
	GlobalSection(SolutionProperties) = preSolution
		HideSolutionNode = FALSE
	EndGlobalSection
	GlobalSection(ExtensibilityGlobals) = postSolution
		SolutionGuid = {5C297EFD-897E-4AA6-AA90-43C351AEF23F}
	EndGlobalSection
EndGlobal
